
Microsoft Visual Studio Solution File, Format Version 12.00
# Visual Studio Version 16
VisualStudioVersion = 16.0.30114.105
MinimumVisualStudioVersion = 10.0.40219.1
Project("{FAE04EC0-301F-11D3-BF4B-00C04F79EFBC}") = "LinqConsoleApp", "LinqConsoleApp.csproj", "{A1B2D2B5-F99F-4562-9192-2434DD7C3A48}"
EndProject
Global
	GlobalSection(SolutionConfigurationPlatforms) = preSolution
		Debug|Any CPU = Debug|Any CPU
		Release|Any CPU = Release|Any CPU
	EndGlobalSection
	GlobalSection(ProjectConfigurationPlatforms) = postSolution
		{A1B2D2B5-F99F-4562-9192-2434DD7C3A48}.Debug|Any CPU.ActiveCfg = Debug|Any CPU
		{A1B2D2B5-F99F-4562-9192-2434DD7C3A48}.Debug|Any CPU.Build.0 = Debug|Any CPU
		{A1B2D2B5-F99F-4562-9192-2434DD7C3A48}.Release|Any CPU.ActiveCfg = Release|Any CPU
		{A1B2D2B5-F99F-4562-9192-2434DD7C3A48}.Release|Any CPU.Build.0 = Release|Any CPU
	EndGlobalSection
	GlobalSection(SolutionProperties) = preSolution
		HideSolutionNode = FALSE
	EndGlobalSection
	GlobalSection(ExtensibilityGlobals) = postSolution
		SolutionGuid = {363EA0BA-B538-479A-9956-B526FBC4D91B}
	EndGlobalSection
EndGlobal
